github.com/cocoonlife/timber v0.0.0-20180608095500-d53b6a75f0c2 h1:VABWnXbTo30bV52J8vkFfeWtMsEaL9y6duPWvjgWFLE=
github.com/cocoonlife/timber v0.0.0-20180608095500-d53b6a75f0c2/go.mod h1:sXhuhksIsZr0hkY0PWN2vagk/hvGSwQXQBdG1jTIUEc=
github.com/gorilla/mux v1.8.0 h1:i40aqfkR1h2SlN9hojwV5ZA91wcXFOvkdNIeFDP5koI=
github.com/gorilla/mux v1.8.0/go.mod h1:DVbg23sWSpFRCP0SfiEN6jmj59UnW/n46BH5rLB71So=
